
Microsoft Visual Studio Solution File, Format Version 12.00
# Visual Studio Version 16
VisualStudioVersion = 16.0.30907.101
MinimumVisualStudioVersion = 10.0.40219.1
Project("{FAE04EC0-301F-11D3-BF4B-00C04F79EFBC}") = "TestPetrol", "TestPetrol\TestPetrol.csproj", "{F177A5AF-60C1-4111-860E-046F4467DB19}"
EndProject
Global
	GlobalSection(SolutionConfigurationPlatforms) = preSolution
		Debug|Any CPU = Debug|Any CPU
		Release|Any CPU = Release|Any CPU
	EndGlobalSection
	GlobalSection(ProjectConfigurationPlatforms) = postSolution
		{F177A5AF-60C1-4111-860E-046F4467DB19}.Debug|Any CPU.ActiveCfg = Debug|Any CPU
		{F177A5AF-60C1-4111-860E-046F4467DB19}.Debug|Any CPU.Build.0 = Debug|Any CPU
		{F177A5AF-60C1-4111-860E-046F4467DB19}.Release|Any CPU.ActiveCfg = Release|Any CPU
		{F177A5AF-60C1-4111-860E-046F4467DB19}.Release|Any CPU.Build.0 = Release|Any CPU
	EndGlobalSection
	GlobalSection(SolutionProperties) = preSolution
		HideSolutionNode = FALSE
	EndGlobalSection
	GlobalSection(ExtensibilityGlobals) = postSolution
		SolutionGuid = {62DDC894-5F60-46BB-B16F-6831407509E1}
	EndGlobalSection
EndGlobal
